
Microsoft Visual Studio Solution File, Format Version 12.00
# Visual Studio Version 16
VisualStudioVersion = 16.0.30523.141
MinimumVisualStudioVersion = 10.0.40219.1
Project("{FAE04EC0-301F-11D3-BF4B-00C04F79EFBC}") = "CotacaoMoeda.API", "CotacaoMoeda.API\CotacaoMoeda.API.csproj", "{36116591-D95C-4D02-9D01-AE71BC6CD78F}"
EndProject
Project("{FAE04EC0-301F-11D3-BF4B-00C04F79EFBC}") = "CotacaoMoeda.Service", "CotacaoMoeda.Service\CotacaoMoeda.Service.csproj", "{32E9A2D8-C3EA-4E8D-99A3-E88B3E1B9006}"
EndProject
Global
	GlobalSection(SolutionConfigurationPlatforms) = preSolution
		Debug|Any CPU = Debug|Any CPU
		Release|Any CPU = Release|Any CPU
	EndGlobalSection
	GlobalSection(ProjectConfigurationPlatforms) = postSolution
		{36116591-D95C-4D02-9D01-AE71BC6CD78F}.Debug|Any CPU.ActiveCfg = Debug|Any CPU
		{36116591-D95C-4D02-9D01-AE71BC6CD78F}.Debug|Any CPU.Build.0 = Debug|Any CPU
		{36116591-D95C-4D02-9D01-AE71BC6CD78F}.Release|Any CPU.ActiveCfg = Release|Any CPU
		{36116591-D95C-4D02-9D01-AE71BC6CD78F}.Release|Any CPU.Build.0 = Release|Any CPU
		{32E9A2D8-C3EA-4E8D-99A3-E88B3E1B9006}.Debug|Any CPU.ActiveCfg = Debug|Any CPU
		{32E9A2D8-C3EA-4E8D-99A3-E88B3E1B9006}.Debug|Any CPU.Build.0 = Debug|Any CPU
		{32E9A2D8-C3EA-4E8D-99A3-E88B3E1B9006}.Release|Any CPU.ActiveCfg = Release|Any CPU
		{32E9A2D8-C3EA-4E8D-99A3-E88B3E1B9006}.Release|Any CPU.Build.0 = Release|Any CPU
	EndGlobalSection
	GlobalSection(SolutionProperties) = preSolution
		HideSolutionNode = FALSE
	EndGlobalSection
	GlobalSection(ExtensibilityGlobals) = postSolution
		SolutionGuid = {DD961C5C-386F-4F94-BA7B-94EBE4903769}
	EndGlobalSection
EndGlobal
